
Microsoft Visual Studio Solution File, Format Version 12.00
# Visual Studio Version 16
VisualStudioVersion = 16.0.30804.86
MinimumVisualStudioVersion = 10.0.40219.1
Project("{FAE04EC0-301F-11D3-BF4B-00C04F79EFBC}") = "Forum", "Forum\Forum.csproj", "{BBD634F5-F32B-48DE-84EE-03CCD874DA47}"
EndProject
Global
	GlobalSection(SolutionConfigurationPlatforms) = preSolution
		Debug|Any CPU = Debug|Any CPU
		Release|Any CPU = Release|Any CPU
	EndGlobalSection
	GlobalSection(ProjectConfigurationPlatforms) = postSolution
		{BBD634F5-F32B-48DE-84EE-03CCD874DA47}.Debug|Any CPU.ActiveCfg = Debug|Any CPU
		{BBD634F5-F32B-48DE-84EE-03CCD874DA47}.Debug|Any CPU.Build.0 = Debug|Any CPU
		{BBD634F5-F32B-48DE-84EE-03CCD874DA47}.Release|Any CPU.ActiveCfg = Release|Any CPU
		{BBD634F5-F32B-48DE-84EE-03CCD874DA47}.Release|Any CPU.Build.0 = Release|Any CPU
	EndGlobalSection
	GlobalSection(SolutionProperties) = preSolution
		HideSolutionNode = FALSE
	EndGlobalSection
	GlobalSection(ExtensibilityGlobals) = postSolution
		SolutionGuid = {EFC1BD9F-5F1F-4F64-9A5A-0A92DFE300A6}
	EndGlobalSection
EndGlobal
